
Microsoft Visual Studio Solution File, Format Version 12.00
# Visual Studio Version 17
VisualStudioVersion = 17.3.32811.315
MinimumVisualStudioVersion = 10.0.40219.1
Project("{FAE04EC0-301F-11D3-BF4B-00C04F79EFBC}") = "Toth_Attila_Lab1", "Toth_Attila_Lab1.csproj", "{6A676158-CC0B-4F0C-B23C-57128BE8267E}"
EndProject
Global
	GlobalSection(SolutionConfigurationPlatforms) = preSolution
		Debug|Any CPU = Debug|Any CPU
		Release|Any CPU = Release|Any CPU
	EndGlobalSection
	GlobalSection(ProjectConfigurationPlatforms) = postSolution
		{6A676158-CC0B-4F0C-B23C-57128BE8267E}.Debug|Any CPU.ActiveCfg = Debug|Any CPU
		{6A676158-CC0B-4F0C-B23C-57128BE8267E}.Debug|Any CPU.Build.0 = Debug|Any CPU
		{6A676158-CC0B-4F0C-B23C-57128BE8267E}.Release|Any CPU.ActiveCfg = Release|Any CPU
		{6A676158-CC0B-4F0C-B23C-57128BE8267E}.Release|Any CPU.Build.0 = Release|Any CPU
	EndGlobalSection
	GlobalSection(SolutionProperties) = preSolution
		HideSolutionNode = FALSE
	EndGlobalSection
	GlobalSection(ExtensibilityGlobals) = postSolution
		SolutionGuid = {7DEF283E-DC39-4A48-9731-730B37C65B8E}
	EndGlobalSection
EndGlobal
